lockfileVersion: '9.0'

settings:
  autoInstallPeers: true
  excludeLinksFromLockfile: false

importers:

  .:
    dependencies:
      '@sentry/nextjs':
        specifier: 7.114.0
        version: 7.114.0(next@14.3.0-canary.44(react-dom@18.3.1(react@18.3.1))(react@18.3.1))(react@18.3.1)
      '@types/node':
        specifier: 20.12.11
        version: 20.12.11
      '@types/react':
        specifier: 18.3.1
        version: 18.3.1
      '@types/react-dom':
        specifier: 18.3.0
        version: 18.3.0
      next:
        specifier: 14.3.0-canary.44
        version: 14.3.0-canary.44(react-dom@18.3.1(react@18.3.1))(react@18.3.1)
      react:
        specifier: 18.3.1
        version: 18.3.1
      react-dom:
        specifier: 18.3.1
        version: 18.3.1(react@18.3.1)
      typescript:
        specifier: 5.4.5
        version: 5.4.5

packages:

  '@emnapi/runtime@1.1.1':
    resolution: {integrity: sha512-3bfqkzuR1KLx57nZfjr2NLnFOobvyS0aTszaEGCGqmYMVDRaGvgIZbjGSV/MHSSmLgQ/b9JFHQ5xm5WRZYd+XQ==}

  '@img/sharp-darwin-arm64@0.33.3':
    resolution: {integrity: sha512-FaNiGX1MrOuJ3hxuNzWgsT/mg5OHG/Izh59WW2mk1UwYHUwtfbhk5QNKYZgxf0pLOhx9ctGiGa2OykD71vOnSw==}
    engines: {glibc: '>=2.26', node: ^18.17.0 || ^20.3.0 || >=21.0.0, npm: '>=9.6.5', pnpm: '>=7.1.0', yarn: '>=3.2.0'}
    cpu: [arm64]
    os: [darwin]

  '@img/sharp-darwin-x64@0.33.3':
    resolution: {integrity: sha512-2QeSl7QDK9ru//YBT4sQkoq7L0EAJZA3rtV+v9p8xTKl4U1bUqTIaCnoC7Ctx2kCjQgwFXDasOtPTCT8eCTXvw==}
    engines: {glibc: '>=2.26', node: ^18.17.0 || ^20.3.0 || >=21.0.0, npm: '>=9.6.5', pnpm: '>=7.1.0', yarn: '>=3.2.0'}
    cpu: [x64]
    os: [darwin]

  '@img/sharp-libvips-darwin-arm64@1.0.2':
    resolution: {integrity: sha512-tcK/41Rq8IKlSaKRCCAuuY3lDJjQnYIW1UXU1kxcEKrfL8WR7N6+rzNoOxoQRJWTAECuKwgAHnPvqXGN8XfkHA==}
    engines: {macos: '>=11', npm: '>=9.6.5', pnpm: '>=7.1.0', yarn: '>=3.2.0'}
    cpu: [arm64]
    os: [darwin]

  '@img/sharp-libvips-darwin-x64@1.0.2':
    resolution: {integrity: sha512-Ofw+7oaWa0HiiMiKWqqaZbaYV3/UGL2wAPeLuJTx+9cXpCRdvQhCLG0IH8YGwM0yGWGLpsF4Su9vM1o6aer+Fw==}
    engines: {macos: '>=10.13', npm: '>=9.6.5', pnpm: '>=7.1.0', yarn: '>=3.2.0'}
    cpu: [x64]
    os: [darwin]

  '@img/sharp-libvips-linux-arm64@1.0.2':
    resolution: {integrity: sha512-x7kCt3N00ofFmmkkdshwj3vGPCnmiDh7Gwnd4nUwZln2YjqPxV1NlTyZOvoDWdKQVDL911487HOueBvrpflagw==}
    engines: {glibc: '>=2.26', npm: '>=9.6.5', pnpm: '>=7.1.0', yarn: '>=3.2.0'}
    cpu: [arm64]
    os: [linux]

  '@img/sharp-libvips-linux-arm@1.0.2':
    resolution: {integrity: sha512-iLWCvrKgeFoglQxdEwzu1eQV04o8YeYGFXtfWU26Zr2wWT3q3MTzC+QTCO3ZQfWd3doKHT4Pm2kRmLbupT+sZw==}
    engines: {glibc: '>=2.28', npm: '>=9.6.5', pnpm: '>=7.1.0', yarn: '>=3.2.0'}
    cpu: [arm]
    os: [linux]

  '@img/sharp-libvips-linux-s390x@1.0.2':
    resolution: {integrity: sha512-cmhQ1J4qVhfmS6szYW7RT+gLJq9dH2i4maq+qyXayUSn9/3iY2ZeWpbAgSpSVbV2E1JUL2Gg7pwnYQ1h8rQIog==}
    engines: {glibc: '>=2.28', npm: '>=9.6.5', pnpm: '>=7.1.0', yarn: '>=3.2.0'}
    cpu: [s390x]
    os: [linux]

  '@img/sharp-libvips-linux-x64@1.0.2':
    resolution: {integrity: sha512-E441q4Qdb+7yuyiADVi5J+44x8ctlrqn8XgkDTwr4qPJzWkaHwD489iZ4nGDgcuya4iMN3ULV6NwbhRZJ9Z7SQ==}
    engines: {glibc: '>=2.26', npm: '>=9.6.5', pnpm: '>=7.1.0', yarn: '>=3.2.0'}
    cpu: [x64]
    os: [linux]

  '@img/sharp-libvips-linuxmusl-arm64@1.0.2':
    resolution: {integrity: sha512-3CAkndNpYUrlDqkCM5qhksfE+qSIREVpyoeHIU6jd48SJZViAmznoQQLAv4hVXF7xyUB9zf+G++e2v1ABjCbEQ==}
    engines: {musl: '>=1.2.2', npm: '>=9.6.5', pnpm: '>=7.1.0', yarn: '>=3.2.0'}
    cpu: [arm64]
    os: [linux]

  '@img/sharp-libvips-linuxmusl-x64@1.0.2':
    resolution: {integrity: sha512-VI94Q6khIHqHWNOh6LLdm9s2Ry4zdjWJwH56WoiJU7NTeDwyApdZZ8c+SADC8OH98KWNQXnE01UdJ9CSfZvwZw==}
    engines: {musl: '>=1.2.2', npm: '>=9.6.5', pnpm: '>=7.1.0', yarn: '>=3.2.0'}
    cpu: [x64]
    os: [linux]

  '@img/sharp-linux-arm64@0.33.3':
    resolution: {integrity: sha512-Zf+sF1jHZJKA6Gor9hoYG2ljr4wo9cY4twaxgFDvlG0Xz9V7sinsPp8pFd1XtlhTzYo0IhDbl3rK7P6MzHpnYA==}
    engines: {glibc: '>=2.26', node: ^18.17.0 || ^20.3.0 || >=21.0.0, npm: '>=9.6.5', pnpm: '>=7.1.0', yarn: '>=3.2.0'}
    cpu: [arm64]
    os: [linux]

  '@img/sharp-linux-arm@0.33.3':
    resolution: {integrity: sha512-Q7Ee3fFSC9P7vUSqVEF0zccJsZ8GiiCJYGWDdhEjdlOeS9/jdkyJ6sUSPj+bL8VuOYFSbofrW0t/86ceVhx32w==}
    engines: {glibc: '>=2.28', node: ^18.17.0 || ^20.3.0 || >=21.0.0, npm: '>=9.6.5', pnpm: '>=7.1.0', yarn: '>=3.2.0'}
    cpu: [arm]
    os: [linux]

  '@img/sharp-linux-s390x@0.33.3':
    resolution: {integrity: sha512-vFk441DKRFepjhTEH20oBlFrHcLjPfI8B0pMIxGm3+yilKyYeHEVvrZhYFdqIseSclIqbQ3SnZMwEMWonY5XFA==}
    engines: {glibc: '>=2.28', node: ^18.17.0 || ^20.3.0 || >=21.0.0, npm: '>=9.6.5', pnpm: '>=7.1.0', yarn: '>=3.2.0'}
    cpu: [s390x]
    os: [linux]

  '@img/sharp-linux-x64@0.33.3':
    resolution: {integrity: sha512-Q4I++herIJxJi+qmbySd072oDPRkCg/SClLEIDh5IL9h1zjhqjv82H0Seupd+q2m0yOfD+/fJnjSoDFtKiHu2g==}
    engines: {glibc: '>=2.26', node: ^18.17.0 || ^20.3.0 || >=21.0.0, npm: '>=9.6.5', pnpm: '>=7.1.0', yarn: '>=3.2.0'}
    cpu: [x64]
    os: [linux]

  '@img/sharp-linuxmusl-arm64@0.33.3':
    resolution: {integrity: sha512-qnDccehRDXadhM9PM5hLvcPRYqyFCBN31kq+ErBSZtZlsAc1U4Z85xf/RXv1qolkdu+ibw64fUDaRdktxTNP9A==}
    engines: {musl: '>=1.2.2', node: ^18.17.0 || ^20.3.0 || >=21.0.0, npm: '>=9.6.5', pnpm: '>=7.1.0', yarn: '>=3.2.0'}
    cpu: [arm64]
    os: [linux]

  '@img/sharp-linuxmusl-x64@0.33.3':
    resolution: {integrity: sha512-Jhchim8kHWIU/GZ+9poHMWRcefeaxFIs9EBqf9KtcC14Ojk6qua7ghKiPs0sbeLbLj/2IGBtDcxHyjCdYWkk2w==}
    engines: {musl: '>=1.2.2', node: ^18.17.0 || ^20.3.0 || >=21.0.0, npm: '>=9.6.5', pnpm: '>=7.1.0', yarn: '>=3.2.0'}
    cpu: [x64]
    os: [linux]

  '@img/sharp-wasm32@0.33.3':
    resolution: {integrity: sha512-68zivsdJ0koE96stdUfM+gmyaK/NcoSZK5dV5CAjES0FUXS9lchYt8LAB5rTbM7nlWtxaU/2GON0HVN6/ZYJAQ==}
    engines: {node: ^18.17.0 || ^20.3.0 || >=21.0.0, npm: '>=9.6.5', pnpm: '>=7.1.0', yarn: '>=3.2.0'}
    cpu: [wasm32]

  '@img/sharp-win32-ia32@0.33.3':
    resolution: {integrity: sha512-CyimAduT2whQD8ER4Ux7exKrtfoaUiVr7HG0zZvO0XTFn2idUWljjxv58GxNTkFb8/J9Ub9AqITGkJD6ZginxQ==}
    engines: {node: ^18.17.0 || ^20.3.0 || >=21.0.0, npm: '>=9.6.5', pnpm: '>=7.1.0', yarn: '>=3.2.0'}
    cpu: [ia32]
    os: [win32]

  '@img/sharp-win32-x64@0.33.3':
    resolution: {integrity: sha512-viT4fUIDKnli3IfOephGnolMzhz5VaTvDRkYqtZxOMIoMQ4MrAziO7pT1nVnOt2FAm7qW5aa+CCc13aEY6Le0g==}
    engines: {node: ^18.17.0 || ^20.3.0 || >=21.0.0, npm: '>=9.6.5', pnpm: '>=7.1.0', yarn: '>=3.2.0'}
    cpu: [x64]
    os: [win32]

  '@jridgewell/sourcemap-codec@1.4.15':
    resolution: {integrity: sha512-eF2rxCRulEKXHTRiDrDy6erMYWqNw4LPdQ8UQA4huuxaQsVeRPFl2oM8oDGxMFhJUWZf9McpLtJasDDZb/Bpeg==}

  '@next/env@14.3.0-canary.44':
    resolution: {integrity: sha512-n7E0UKB5tAcEEVO9iLuWVdx5nf+39GEHBo4mrRrC9zqXdP9Jxve4nFWFeDTU5EBSzuH3Zy4DmoVNHUOspHLmyQ==}

  '@next/swc-darwin-arm64@14.3.0-canary.44':
    resolution: {integrity: sha512-gooP4KXsw3DDZAlvjEJNyQsSacwPRJJ5f5wkrws1J17L/heUgZHX6G7vHnQgkAejyvfa5BhW2c9rlcPxOHNQqw==}
    engines: {node: '>= 10'}
    cpu: [arm64]
    os: [darwin]

  '@next/swc-darwin-x64@14.3.0-canary.44':
    resolution: {integrity: sha512-NbtsRFYzs8sU2VCMzqGjb4tdzhkQt1KcMB/ZqnHX5pPw5xtXqPXzBGLM0z3wHr5/vWlL4V22j8E7AGchE2TeXg==}
    engines: {node: '>= 10'}
    cpu: [x64]
    os: [darwin]

  '@next/swc-linux-arm64-gnu@14.3.0-canary.44':
    resolution: {integrity: sha512-ctGyGeHy/07TH82ZYuA74Xy0t8Zcq1xrMLTI9RUA8Dh4khf37RI7r9SHzAeqKmPGZJAPRyE6pwXtAlCg/TstjA==}
    engines: {node: '>= 10'}
    cpu: [arm64]
    os: [linux]

  '@next/swc-linux-arm64-musl@14.3.0-canary.44':
    resolution: {integrity: sha512-cX/jD3EnhIphZwRBureGSPV4GlQ7ueUKmne+5N2BsO6tHih0cnveyssropX1dTupU7aGti+22kPorPDY7BYNfQ==}
    engines: {node: '>= 10'}
    cpu: [arm64]
    os: [linux]

  '@next/swc-linux-x64-gnu@14.3.0-canary.44':
    resolution: {integrity: sha512-2HPcwOxXBQj3WD5ezz78o/SJXXz9D4U5H7Mc4e0cTUMy/GGW4ysg2Ullwus+FVOmm2z8GAcNbEeqh71D/lAtww==}
    engines: {node: '>= 10'}
    cpu: [x64]
    os: [linux]

  '@next/swc-linux-x64-musl@14.3.0-canary.44':
    resolution: {integrity: sha512-UV9HUQenKZkrqbhRsB59X5KrMKaPUnXkbZmwLkjD2IieUgm5CswfXJ2+7JneopviwaR3k8eJMA2KV9uyA/3LpQ==}
    engines: {node: '>= 10'}
    cpu: [x64]
    os: [linux]

  '@next/swc-win32-arm64-msvc@14.3.0-canary.44':
    resolution: {integrity: sha512-Swrl7I7q4sw7iS6O2j5v/c5bLgHP+i4/z79XTzU2LDubMP7gL3eUqLhN1GAOO35q/j49Ysbsr3VUM14JCtGOkg==}
    engines: {node: '>= 10'}
    cpu: [arm64]
    os: [win32]

  '@next/swc-win32-ia32-msvc@14.3.0-canary.44':
    resolution: {integrity: sha512-3KKbNG6EDMpAY9PP/Bv32ildjljC9vUwRbLrhBLa6l3TkD6n8xtlObNf9DMD0Fsa79VKHZKIkY1EvCn/7xlj5A==}
    engines: {node: '>= 10'}
    cpu: [ia32]
    os: [win32]

  '@next/swc-win32-x64-msvc@14.3.0-canary.44':
    resolution: {integrity: sha512-pDD9g/tTI/ihOP4c8wy5E0dRz8QUy2/7uAVyW11MIkroA4A4/cWa58PQNW5ByhvySPTcf9trnlaVPa2mdxBMMA==}
    engines: {node: '>= 10'}
    cpu: [x64]
    os: [win32]

  '@rollup/plugin-commonjs@24.0.0':
    resolution: {integrity: sha512-0w0wyykzdyRRPHOb0cQt14mIBLujfAv6GgP6g8nvg/iBxEm112t3YPPq+Buqe2+imvElTka+bjNlJ/gB56TD8g==}
    engines: {node: '>=14.0.0'}
    peerDependencies:
      rollup: ^2.68.0||^3.0.0
    peerDependenciesMeta:
      rollup:
        optional: true

  '@rollup/pluginutils@5.1.0':
    resolution: {integrity: sha512-XTIWOPPcpvyKI6L1NHo0lFlCyznUEyPmPY1mc3KpPVDYulHSTvyeLNVW00QTLIAFNhR3kYnJTQHeGqU4M3n09g==}
    engines: {node: '>=14.0.0'}
    peerDependencies:
      rollup: ^1.20.0||^2.0.0||^3.0.0||^4.0.0
    peerDependenciesMeta:
      rollup:
        optional: true

  '@sentry-internal/feedback@7.114.0':
    resolution: {integrity: sha512-kUiLRUDZuh10QE9JbSVVLgqxFoD9eDPOzT0MmzlPuas8JlTmJuV4FtSANNcqctd5mBuLt2ebNXH0MhRMwyae4A==}
    engines: {node: '>=12'}

  '@sentry-internal/replay-canvas@7.114.0':
    resolution: {integrity: sha512-6rTiqmKi/FYtesdM2TM2U+rh6BytdPjLP65KTUodtxohJ+r/3m+termj2o4BhIYPE1YYOZNmbZfwebkuQPmWeg==}
    engines: {node: '>=12'}

  '@sentry-internal/tracing@7.114.0':
    resolution: {integrity: sha512-dOuvfJN7G+3YqLlUY4HIjyWHaRP8vbOgF+OsE5w2l7ZEn1rMAaUbPntAR8AF9GBA6j2zWNoSo8e7GjbJxVofSg==}
    engines: {node: '>=8'}

  '@sentry/browser@7.114.0':
    resolution: {integrity: sha512-ijJ0vOEY6U9JJADVYGkUbLrAbpGSQgA4zV+KW3tcsBLX9M1jaWq4BV1PWHdzDPPDhy4OgfOjIfaMb5BSPn1U+g==}
    engines: {node: '>=8'}

  '@sentry/cli@1.77.3':
    resolution: {integrity: sha512-c3eDqcDRmy4TFz2bFU5Y6QatlpoBPPa8cxBooaS4aMQpnIdLYPF1xhyyiW0LQlDUNc3rRjNF7oN5qKoaRoMTQQ==}
    engines: {node: '>= 8'}
    hasBin: true

  '@sentry/core@7.114.0':
    resolution: {integrity: sha512-YnanVlmulkjgZiVZ9BfY9k6I082n+C+LbZo52MTvx3FY6RE5iyiPMpaOh67oXEZRWcYQEGm+bKruRxLVP6RlbA==}
    engines: {node: '>=8'}

  '@sentry/integrations@7.114.0':
    resolution: {integrity: sha512-BJIBWXGKeIH0ifd7goxOS29fBA8BkEgVVCahs6xIOXBjX1IRS6PmX0zYx/GP23nQTfhJiubv2XPzoYOlZZmDxg==}
    engines: {node: '>=8'}

  '@sentry/nextjs@7.114.0':
    resolution: {integrity: sha512-QRqE+YTVG3btTPVhOfiq0XmHp0dG4A0C/R+ssR/pdfOBr4EfEEav0hlTlqvk9BV0u6naJ5TOvBZ6Fy41rkYYrQ==}
    engines: {node: '>=8'}
    peerDependencies:
      next: ^10.0.8 || ^11.0 || ^12.0 || ^13.0 || ^14.0
      react: 16.x || 17.x || 18.x
      webpack: '>= 4.0.0'
    peerDependenciesMeta:
      webpack:
        optional: true

  '@sentry/node@7.114.0':
    resolution: {integrity: sha512-cqvi+OHV1Hj64mIGHoZtLgwrh1BG6ntcRjDLlVNMqml5rdTRD3TvG21579FtlqHlwZpbpF7K5xkwl8e5KL2hGw==}
    engines: {node: '>=8'}

  '@sentry/react@7.114.0':
    resolution: {integrity: sha512-zVPtvSy00Al25Z21f5GNzo3rd/TKS+iOX9wQwLrUZAxyf9RwBxKATLVJNJPkf8dQml6Qx+lfr0BHIlVcr1a1SQ==}
    engines: {node: '>=8'}
    peerDependencies:
      react: 15.x || 16.x || 17.x || 18.x

  '@sentry/replay@7.114.0':
    resolution: {integrity: sha512-UvEajoLIX9n2poeW3R4Ybz7D0FgCGXoFr/x/33rdUEMIdTypknxjJWxg6fJngIduzwrlrvWpvP8QiZXczYQy2Q==}
    engines: {node: '>=12'}

  '@sentry/types@7.114.0':
    resolution: {integrity: sha512-tsqkkyL3eJtptmPtT0m9W/bPLkU7ILY7nvwpi1hahA5jrM7ppoU0IMaQWAgTD+U3rzFH40IdXNBFb8Gnqcva4w==}
    engines: {node: '>=8'}

  '@sentry/utils@7.114.0':
    resolution: {integrity: sha512-319N90McVpupQ6vws4+tfCy/03AdtsU0MurIE4+W5cubHME08HtiEWlfacvAxX+yuKFhvdsO4K4BB/dj54ideg==}
    engines: {node: '>=8'}

  '@sentry/vercel-edge@7.114.0':
    resolution: {integrity: sha512-EYMC8qXtJeZmsb+fPSmOO7BBezwTZjsI3S8JYtK+zeQgXWEVGI8UPlpkqkBiM29fHqCJ2nrLMyoWCOLG7ZwfhA==}
    engines: {node: '>=8'}

  '@sentry/webpack-plugin@1.21.0':
    resolution: {integrity: sha512-x0PYIMWcsTauqxgl7vWUY6sANl+XGKtx7DCVnnY7aOIIlIna0jChTAPANTfA2QrK+VK+4I/4JxatCEZBnXh3Og==}
    engines: {node: '>= 8'}

  '@swc/helpers@0.5.11':
    resolution: {integrity: sha512-YNlnKRWF2sVojTpIyzwou9XoTNbzbzONwRhOoniEioF1AtaitTvVZblaQRrAzChWQ1bLYyYSWzM18y4WwgzJ+A==}

  '@types/estree@1.0.5':
    resolution: {integrity: sha512-/kYRxGDLWzHOB7q+wtSUQlFrtcdUccpfy+X+9iMBpHK8QLLhx2wIPYuS5DYtR9Wa/YlZAbIovy7qVdB1Aq6Lyw==}

  '@types/node@20.12.11':
    resolution: {integrity: sha512-vDg9PZ/zi+Nqp6boSOT7plNuthRugEKixDv5sFTIpkE89MmNtEArAShI4mxuX2+UrLEe9pxC1vm2cjm9YlWbJw==}

  '@types/prop-types@15.7.12':
    resolution: {integrity: sha512-5zvhXYtRNRluoE/jAp4GVsSduVUzNWKkOZrCDBWYtE7biZywwdC2AcEzg+cSMLFRfVgeAFqpfNabiPjxFddV1Q==}

  '@types/react-dom@18.3.0':
    resolution: {integrity: sha512-EhwApuTmMBmXuFOikhQLIBUn6uFg81SwLMOAUgodJF14SOBOCMdU04gDoYi0WOJJHD144TL32z4yDqCW3dnkQg==}

  '@types/react@18.3.1':
    resolution: {integrity: sha512-V0kuGBX3+prX+DQ/7r2qsv1NsdfnCLnTgnRJ1pYnxykBhGMz+qj+box5lq7XsO5mtZsBqpjwwTu/7wszPfMBcw==}

  agent-base@6.0.2:
    resolution: {integrity: sha512-RZNwNclF7+MS/8bDg70amg32dyeZGZxiDuQmZxKLAlQjr3jGyLx+4Kkk58UO7D2QdgFIQCovuSuZESne6RG6XQ==}
    engines: {node: '>= 6.0.0'}

  ansi-styles@4.3.0:
    resolution: {integrity: sha512-zbB9rCJAT1rbjiVDb2hqKFHNYLxgtk8NURxZ3IZwD3F6NtxbXZQCnnSi1Lkx+IDohdPlFp222wVALIheZJQSEg==}
    engines: {node: '>=8'}

  balanced-match@1.0.2:
    resolution: {integrity: sha512-3oSeUO0TMV67hN1AmbXsK4yaqU7tjiHlbxRDZOpH0KW9+CeX4bRAaX0Anxt0tx2MrpRpWwQaPwIlISEJhYU5Pw==}

  brace-expansion@2.0.1:
    resolution: {integrity: sha512-XnAIvQ8eM+kC6aULx6wuQiwVsnzsi9d3WxzV3FpWTGA19F621kwdbsAcFKXgKUHZWsy+mY6iL1sHTxWEFCytDA==}

  busboy@1.6.0:
    resolution: {integrity: sha512-8SFQbg/0hQ9xy3UNTB0YEnsNBbWfhf7RtnzpL7TkBiTBRfrQ9Fxcnz7VJsleJpyp6rVLvXiuORqjlHi5q+PYuA==}
    engines: {node: '>=10.16.0'}

  caniuse-lite@1.0.30001617:
    resolution: {integrity: sha512-mLyjzNI9I+Pix8zwcrpxEbGlfqOkF9kM3ptzmKNw5tizSyYwMe+nGLTqMK9cO+0E+Bh6TsBxNAaHWEM8xwSsmA==}

  chalk@3.0.0:
    resolution: {integrity: sha512-4D3B6Wf41KOYRFdszmDqMCGq5VV/uMAB273JILmO+3jAlh8X4qDtdtgCR3fxtbLEMzSx22QdhnDcJvu2u1fVwg==}
    engines: {node: '>=8'}

  client-only@0.0.1:
    resolution: {integrity: sha512-IV3Ou0jSMzZrd3pZ48nLkT9DA7Ag1pnPzaiQhpW7c3RbcqqzvzzVu+L8gfqMp/8IM2MQtSiqaCxrrcfu8I8rMA==}

  color-convert@2.0.1:
    resolution: {integrity: sha512-RRECPsj7iu/xb5oKYcsFHSppFNnsj/52OVTRKb4zP5onXwVF3zVmmToNcOfGC+CRDpfK/U584fMg38ZHCaElKQ==}
    engines: {node: '>=7.0.0'}

  color-name@1.1.4:
    resolution: {integrity: sha512-dOy+3AuW3a2wNbZHIuMZpTcgjGuLU/uBL/ubcZF9OXbDo8ff4O8yVp5Bf0efS8uEoYo5q4Fx7dY9OgQGXgAsQA==}

  color-string@1.9.1:
    resolution: {integrity: sha512-shrVawQFojnZv6xM40anx4CkoDP+fZsw/ZerEMsW/pyzsRbElpsL/DBVW7q3ExxwusdNXI3lXpuhEZkzs8p5Eg==}

  color@4.2.3:
    resolution: {integrity: sha512-1rXeuUUiGGrykh+CeBdu5Ie7OJwinCgQY0bc7GCRxy5xVHy+moaqkpL/jqQq0MtQOeYcrqEz4abc5f0KtU7W4A==}
    engines: {node: '>=12.5.0'}

  commondir@1.0.1:
    resolution: {integrity: sha512-W9pAhw0ja1Edb5GVdIF1mjZw/ASI0AlShXM83UUGe2DVr5TdAPEA1OA8m/g8zWp9x6On7gqufY+FatDbC3MDQg==}

  csstype@3.1.3:
    resolution: {integrity: sha512-M1uQkMl8rQK/szD0LNhtqxIPLpimGm8sOBwU7lLnCpSbTyY3yeU1Vc7l4KT5zT4s/yOxHH5O7tIuuLOCnLADRw==}

  debug@4.3.4:
    resolution: {integrity: sha512-PRWFHuSU3eDtQJPvnNY7Jcket1j0t5OuOsFzPPzsekD52Zl8qUfFIPEiswXqIvHWGVHOgX+7G/vCNNhehwxfkQ==}
    engines: {node: '>=6.0'}
    peerDependencies:
      supports-color: '*'
    peerDependenciesMeta:
      supports-color:
        optional: true

  detect-libc@2.0.3:
    resolution: {integrity: sha512-bwy0MGW55bG41VqxxypOsdSdGqLwXPI/focwgTYCFMbdUiBAxLg9CFzG08sz2aqzknwiX7Hkl0bQENjg8iLByw==}
    engines: {node: '>=8'}

  estree-walker@2.0.2:
    resolution: {integrity: sha512-Rfkk/Mp/DL7JVje3u18FxFujQlTNR2q6QfMSMB7AvCBx91NGj/ba3kCfza0f6dVDbw7YlRf/nDrn7pQrCCyQ/w==}

  fs.realpath@1.0.0:
    resolution: {integrity: sha512-OO0pH2lK6a0hZnAdau5ItzHPI6pUlvI7jMVnxUQRtw4owF2wk8lOSabtGDCTP4Ggrg2MbGnWO9X8K1t4+fGMDw==}

  fsevents@2.3.3:
    resolution: {integrity: sha512-5xoDfX+fL7faATnagmWPpbFtwh/R77WmMMqqHGS65C3vvB0YHrgF+B1YmZ3441tMj5n63k0212XNoJwzlhffQw==}
    engines: {node: ^8.16.0 || ^10.6.0 || >=11.0.0}
    os: [darwin]

  function-bind@1.1.2:
    resolution: {integrity: sha512-7XHNxH7qX9xG5mIwxkhumTox/MIRNcOgDrxWsMt2pAr23WHp6MrRlN7FBSFpCpr+oVO0F744iUgR82nJMfG2SA==}

  glob@8.1.0:
    resolution: {integrity: sha512-r8hpEjiQEYlF2QU0df3dS+nxxSIreXQS1qRhMJM0Q5NDdR386C7jb7Hwwod8Fgiuex+k0GFjgft18yvxm5XoCQ==}
    engines: {node: '>=12'}

  graceful-fs@4.2.11:
    resolution: {integrity: sha512-RbJ5/jmFcNNCcDV5o9eTnBLJ/HszWV0P73bc+Ff4nS/rJj+YaS6IGyiOL0VoBYX+l1Wrl3k63h/KrH+nhJ0XvQ==}

  has-flag@4.0.0:
    resolution: {integrity: sha512-EykJT/Q1KjTWctppgIAgfSO0tKVuZUjhgMr17kqTumMl6Afv3EISleU7qZUzoXDFTAHTDC4NOoG/ZxU3EvlMPQ==}
    engines: {node: '>=8'}

  hasown@2.0.2:
    resolution: {integrity: sha512-0hJU9SCPvmMzIBdZFqNPXWa6dqh7WdH0cII9y+CyS8rG3nL48Bclra9HmKhVVUHyPWNH5Y7xDwAB7bfgSjkUMQ==}
    engines: {node: '>= 0.4'}

  hoist-non-react-statics@3.3.2:
    resolution: {integrity: sha512-/gGivxi8JPKWNm/W0jSmzcMPpfpPLc3dY/6GxhX2hQ9iGj3aDfklV4ET7NjKpSinLpJ5vafa9iiGIEZg10SfBw==}

  https-proxy-agent@5.0.1:
    resolution: {integrity: sha512-dFcAjpTQFgoLMzC2VwU+C/CbS7uRL0lWmxDITmqm7C+7F0Odmj6s9l6alZc6AELXhrnggM2CeWSXHGOdX2YtwA==}
    engines: {node: '>= 6'}

  immediate@3.0.6:
    resolution: {integrity: sha512-XXOFtyqDjNDAQxVfYxuF7g9Il/IbWmmlQg2MYKOH8ExIT1qg6xc4zyS3HaEEATgs1btfzxq15ciUiY7gjSXRGQ==}

  inflight@1.0.6:
    resolution: {integrity: sha512-k92I/b08q4wvFscXCLvqfsHCrjrF7yiXsQuIVvVE7N82W3+aqpzuUdBbfhWcy/FZR3/4IgflMgKLOsvPDrGCJA==}

  inherits@2.0.4:
    resolution: {integrity: sha512-k/vGaX4/Yla3WzyMCvTQOXYeIHvqOKtnqBduzTHpzpQZzAskKMhZ2K+EnBiSM9zGSoIFeMpXKxa4dYeZIQqewQ==}

  is-arrayish@0.3.2:
    resolution: {integrity: sha512-eVRqCvVlZbuw3GrM63ovNSNAeA1K16kaR/LRY/92w0zxQ5/1YzwblUX652i4Xs9RwAGjW9d9y6X88t8OaAJfWQ==}

  is-core-module@2.13.1:
    resolution: {integrity: sha512-hHrIjvZsftOsvKSn2TRYl63zvxsgE0K+0mYMoH6gD4omR5IWB2KynivBQczo3+wF1cCkjzvptnI9Q0sPU66ilw==}

  is-reference@1.2.1:
    resolution: {integrity: sha512-U82MsXXiFIrjCK4otLT+o2NA2Cd2g5MLoOVXUZjIOhLurrRxpEXzI8O0KZHr3IjLvlAH1kTPYSuqer5T9ZVBKQ==}

  isexe@2.0.0:
    resolution: {integrity: sha512-RHxMLp9lnKHGHRng9QFhRCMbYAcVpn69smSGcq3f36xjgVVWThj4qqLbTLlq7Ssj8B+fIQ1EuCEGI2lKsyQeIw==}

  js-tokens@4.0.0:
    resolution: {integrity: sha512-RdJUflcE3cUzKiMqQgsCu06FPu9UdIJO0beYbPhHN4k6apgJtifcoCtT9bcxOpYBtpD2kCM6Sbzg4CausW/PKQ==}

  lie@3.1.1:
    resolution: {integrity: sha512-RiNhHysUjhrDQntfYSfY4MU24coXXdEOgw9WGcKHNeEwffDYbF//u87M1EWaMGzuFoSbqW0C9C6lEEhDOAswfw==}

  localforage@1.10.0:
    resolution: {integrity: sha512-14/H1aX7hzBBmmh7sGPd+AOMkkIrHM3Z1PAyGgZigA1H1p5O5ANnMyWzvpAETtG68/dC4pC0ncy3+PPGzXZHPg==}

  loose-envify@1.4.0:
    resolution: {integrity: sha512-lyuxPGr/Wfhrlem2CL/UcnUc1zcqKAImBDzukY7Y5F/yQiNdko6+fRLevlw1HgMySw7f611UIY408EtxRSoK3Q==}
    hasBin: true

  magic-string@0.27.0:
    resolution: {integrity: sha512-8UnnX2PeRAPZuN12svgR9j7M1uWMovg/CEnIwIG0LFkXSJJe4PdfUGiTGl8V9bsBHFUtfVINcSyYxd7q+kx9fA==}
    engines: {node: '>=12'}

  minimatch@5.1.6:
    resolution: {integrity: sha512-lKwV/1brpG6mBUFHtb7NUmtABCb2WZZmm2wNiOA5hAb8VdCS4B3dtMWyvcoViccwAW/COERjXLt0zP1zXUN26g==}
    engines: {node: '>=10'}

  minimist@1.2.8:
    resolution: {integrity: sha512-2yyAR8qBkN3YuheJanUpWC5U3bb5osDywNB8RzDVlDwDHbocAJveqqj1u8+SVD7jkWT4yvsHCpWqqWqAxb0zCA==}

  mkdirp@0.5.6:
    resolution: {integrity: sha512-FP+p8RB8OWpF3YZBCrP5gtADmtXApB5AMLn+vdyA+PyxCjrCs00mjyUozssO33cwDeT3wNGdLxJ5M//YqtHAJw==}
    hasBin: true

  ms@2.1.2:
    resolution: {integrity: sha512-sGkPx+VjMtmA6MX27oA4FBFELFCZZ4S4XqeGOXCv68tT+jb3vk/RyaKWP0PTKyWtmLSM0b+adUTEvbs1PEaH2w==}

  nanoid@3.3.7:
    resolution: {integrity: sha512-eSRppjcPIatRIMC1U6UngP8XFcz8MQWGQdt1MTBQ7NaAmvXDfvNxbvWV3x2y6CdEUciCSsDHDQZbhYaB8QEo2g==}
    engines: {node: ^10 || ^12 || ^13.7 || ^14 || >=15.0.1}
    hasBin: true

  next@14.3.0-canary.44:
    resolution: {integrity: sha512-iYJmuiARcldXjN27N0Yo8gWyy6vWl+FoUNcEaL2GGh3sA/rc4hcbZD89ZUXoVFsPAI7ze6sKM60Znct9RwCbKQ==}
    engines: {node: '>=18.17.0'}
    hasBin: true
    peerDependencies:
      '@opentelemetry/api': ^1.1.0
      '@playwright/test': ^1.41.2
      react: ^18.2.0
      react-dom: ^18.2.0
      sass: ^1.3.0
    peerDependenciesMeta:
      '@opentelemetry/api':
        optional: true
      '@playwright/test':
        optional: true
      sass:
        optional: true

  node-fetch@2.7.0:
    resolution: {integrity: sha512-c4FRfUm/dbcWZ7U+1Wq0AwCyFL+3nt2bEw05wfxSz+DWpWsitgmSgYmy2dQdWyKC1694ELPqMs/YzUSNozLt8A==}
    engines: {node: 4.x || >=6.0.0}
    peerDependencies:
      encoding: ^0.1.0
    peerDependenciesMeta:
      encoding:
        optional: true

  once@1.4.0:
    resolution: {integrity: sha512-lNaJgI+2Q5URQBkccEKHTQOPaXdUxnZZElQTZY0MFUAuaEqe1E+Nyvgdz/aIyNi6Z9MzO5dv1H8n58/GELp3+w==}

  path-parse@1.0.7:
    resolution: {integrity: sha512-LDJzPVEEEPR+y48z93A0Ed0yXb8pAByGWo/k5YYdYgpY2/2EsOsksJrq7lOHxryrVOn1ejG6oAp8ahvOIQD8sw==}

  picocolors@1.0.0:
    resolution: {integrity: sha512-1fygroTLlHu66zi26VoTDv8yRgm0Fccecssto+MhsZ0D/DGW2sm8E8AjW7NU5VVTRt5GxbeZ5qBuJr+HyLYkjQ==}

  picomatch@2.3.1:
    resolution: {integrity: sha512-JU3teHTNjmE2VCGFzuY8EXzCDVwEqB2a8fsIvwaStHhAWJEeVd1o1QD80CU6+ZdEXXSLbSsuLwJjkCBWqRQUVA==}
    engines: {node: '>=8.6'}

  postcss@8.4.31:
    resolution: {integrity: sha512-PS08Iboia9mts/2ygV3eLpY5ghnUcfLV/EXTOW1E2qYxJKGGBUtNjN76FYHnMs36RmARn41bC0AZmn+rR0OVpQ==}
    engines: {node: ^10 || ^12 || >=14}

  progress@2.0.3:
    resolution: {integrity: sha512-7PiHtLll5LdnKIMw100I+8xJXR5gW2QwWYkT6iJva0bXitZKa/XMrSbdmg3r2Xnaidz9Qumd0VPaMrZlF9V9sA==}
    engines: {node: '>=0.4.0'}

  proxy-from-env@1.1.0:
    resolution: {integrity: sha512-D+zkORCbA9f1tdWRK0RaCR3GPv50cMxcrz4X8k5LTSUD1Dkw47mKJEZQNunItRTkWwgtaUSo1RVFRIG9ZXiFYg==}

  react-dom@18.3.1:
    resolution: {integrity: sha512-5m4nQKp+rZRb09LNH59GM4BxTh9251/ylbKIbpe7TpGxfJ+9kv6BLkLBXIjjspbgbnIBNqlI23tRnTWT0snUIw==}
    peerDependencies:
      react: ^18.3.1

  react-is@16.13.1:
    resolution: {integrity: sha512-24e6ynE2H+OKt4kqsOvNd8kBpV65zoxbA4BVsEOB3ARVWQki/DHzaUoC5KuON/BiccDaCCTZBuOcfZs70kR8bQ==}

  react@18.3.1:
    resolution: {integrity: sha512-wS+hAgJShR0KhEvPJArfuPVN1+Hz1t0Y6n5jLrGQbkb4urgPE/0Rve+1kMB1v/oWgHgm4WIcV+i7F2pTVj+2iQ==}
    engines: {node: '>=0.10.0'}

  resolve@1.22.8:
    resolution: {integrity: sha512-oKWePCxqpd6FlLvGV1VU0x7bkPmmCNolxzjMf4NczoDnQcIWrAF+cPtZn5i6n+RfD2d9i0tzpKnG6Yk168yIyw==}
    hasBin: true

  rollup@2.78.0:
    resolution: {integrity: sha512-4+YfbQC9QEVvKTanHhIAFVUFSRsezvQF8vFOJwtGfb9Bb+r014S+qryr9PSmw8x6sMnPkmFBGAvIFVQxvJxjtg==}
    engines: {node: '>=10.0.0'}
    hasBin: true

  scheduler@0.23.2:
    resolution: {integrity: sha512-UOShsPwz7NrMUqhR6t0hWjFduvOzbtv7toDH1/hIrfRNIDBnnBWd0CwJTGvTpngVlmwGCdP9/Zl/tVrDqcuYzQ==}

  semver@7.6.2:
    resolution: {integrity: sha512-FNAIBWCx9qcRhoHcgcJ0gvU7SN1lYU2ZXuSfl04bSC5OpvDHFyJCjdNHomPXxjQlCBU67YW64PzY7/VIEH7F2w==}
    engines: {node: '>=10'}
    hasBin: true

  sharp@0.33.3:
    resolution: {integrity: sha512-vHUeXJU1UvlO/BNwTpT0x/r53WkLUVxrmb5JTgW92fdFCFk0ispLMAeu/jPO2vjkXM1fYUi3K7/qcLF47pwM1A==}
    engines: {libvips: '>=8.15.2', node: ^18.17.0 || ^20.3.0 || >=21.0.0}

  simple-swizzle@0.2.2:
    resolution: {integrity: sha512-JA//kQgZtbuY83m+xT+tXJkmJncGMTFT+C+g2h2R9uxkYIrE2yy9sgmcLhCnw57/WSD+Eh3J97FPEDFnbXnDUg==}

  source-map-js@1.2.0:
    resolution: {integrity: sha512-itJW8lvSA0TXEphiRoawsCksnlf8SyvmFzIhltqAHluXd88pkCd+cXJVHTDwdCr0IzwptSm035IHQktUu1QUMg==}
    engines: {node: '>=0.10.0'}

  stacktrace-parser@0.1.10:
    resolution: {integrity: sha512-KJP1OCML99+8fhOHxwwzyWrlUuVX5GQ0ZpJTd1DFXhdkrvg1szxfHhawXUZ3g9TkXORQd4/WG68jMlQZ2p8wlg==}
    engines: {node: '>=6'}

  streamsearch@1.1.0:
    resolution: {integrity: sha512-Mcc5wHehp9aXz1ax6bZUyY5afg9u2rv5cqQI3mRrYkGC8rW2hM02jWuwjtL++LS5qinSyhj2QfLyNsuc+VsExg==}
    engines: {node: '>=10.0.0'}

  styled-jsx@5.1.1:
    resolution: {integrity: sha512-pW7uC1l4mBZ8ugbiZrcIsiIvVx1UmTfw7UkC3Um2tmfUq9Bhk8IiyEIPl6F8agHgjzku6j0xQEZbfA5uSgSaCw==}
    engines: {node: '>= 12.0.0'}
    peerDependencies:
      '@babel/core': '*'
      babel-plugin-macros: '*'
      react: '>= 16.8.0 || 17.x.x || ^18.0.0-0'
    peerDependenciesMeta:
      '@babel/core':
        optional: true
      babel-plugin-macros:
        optional: true

  supports-color@7.2.0:
    resolution: {integrity: sha512-qpCAvRl9stuOHveKsn7HncJRvv501qIacKzQlO/+Lwxc9+0q2wLyv4Dfvt80/DPn2pqOBsJdDiogXGR9+OvwRw==}
    engines: {node: '>=8'}

  supports-preserve-symlinks-flag@1.0.0:
    resolution: {integrity: sha512-ot0WnXS9fgdkgIcePe6RHNk1WA8+muPa6cSjeR3V8K27q9BB1rTE3R1p7Hv0z1ZyAc8s6Vvv8DIyWf681MAt0w==}
    engines: {node: '>= 0.4'}

  tr46@0.0.3:
    resolution: {integrity: sha512-N3WMsuqV66lT30CrXNbEjx4GEwlow3v6rr4mCcv6prnfwhS01rkgyFdjPNBYd9br7LpXV1+Emh01fHnq2Gdgrw==}

  tslib@2.6.2:
    resolution: {integrity: sha512-AEYxH93jGFPn/a2iVAwW87VuUIkR1FVUKB77NwMF7nBTDkDrrT/Hpt/IrCJ0QXhW27jTBDcf5ZY7w6RiqTMw2Q==}

  type-fest@0.7.1:
    resolution: {integrity: sha512-Ne2YiiGN8bmrmJJEuTWTLJR32nh/JdL1+PSicowtNb0WFpn59GK8/lfD61bVtzguz7b3PBt74nxpv/Pw5po5Rg==}
    engines: {node: '>=8'}

  typescript@5.4.5:
    resolution: {integrity: sha512-vcI4UpRgg81oIRUFwR0WSIHKt11nJ7SAVlYNIu+QpqeyXP+gpQJy/Z4+F0aGxSE4MqwjyXvW/TzgkLAx2AGHwQ==}
    engines: {node: '>=14.17'}
    hasBin: true

  undici-types@5.26.5:
    resolution: {integrity: sha512-JlCMO+ehdEIKqlFxk6IfVoAUVmgz7cU7zD/h9XZ0qzeosSHmUJVOzSQvvYSYWXkFXC+IfLKSIffhv0sVZup6pA==}

  webidl-conversions@3.0.1:
    resolution: {integrity: sha512-2JAn3z8AR6rjK8Sm8orRC0h/bcl/DqL7tRPdGZ4I1CjdF+EaMLmYxBHyXuKL849eucPFhvBoxMsflfOb8kxaeQ==}

  webpack-sources@3.2.3:
    resolution: {integrity: sha512-/DyMEOrDgLKKIG0fmvtz+4dUX/3Ghozwgm6iPp8KRhvn+eQf9+Q7GWxVNMk3+uCPWfdXYC4ExGBckIXdFEfH1w==}
    engines: {node: '>=10.13.0'}

  whatwg-url@5.0.0:
    resolution: {integrity: sha512-saE57nupxk6v3HY35+jzBwYa0rKSy0XR8JSxZPwgLr7ys0IBzhGviA1/TUGJLmSVqs8pb9AnvICXEuOHLprYTw==}

  which@2.0.2:
    resolution: {integrity: sha512-BLI3Tl1TW3Pvl70l3yq3Y64i+awpwXqsGBYWkkqMtnbXgrMD+yj7rhW0kuEDxzJaYXGjEW5ogapKNMEKNMjibA==}
    engines: {node: '>= 8'}
    hasBin: true

  wrappy@1.0.2:
    resolution: {integrity: sha512-l4Sp/DRseor9wL6EvV2+TuQn63dMkPjZ/sp9XkghTEbV9KlPS1xUsZ3u7/IQO4wxtcFB4bgpQPRcR3QCvezPcQ==}

snapshots:

  '@emnapi/runtime@1.1.1':
    dependencies:
      tslib: 2.6.2
    optional: true

  '@img/sharp-darwin-arm64@0.33.3':
    optionalDependencies:
      '@img/sharp-libvips-darwin-arm64': 1.0.2
    optional: true

  '@img/sharp-darwin-x64@0.33.3':
    optionalDependencies:
      '@img/sharp-libvips-darwin-x64': 1.0.2
    optional: true

  '@img/sharp-libvips-darwin-arm64@1.0.2':
    optional: true

  '@img/sharp-libvips-darwin-x64@1.0.2':
    optional: true

  '@img/sharp-libvips-linux-arm64@1.0.2':
    optional: true

  '@img/sharp-libvips-linux-arm@1.0.2':
    optional: true

  '@img/sharp-libvips-linux-s390x@1.0.2':
    optional: true

  '@img/sharp-libvips-linux-x64@1.0.2':
    optional: true

  '@img/sharp-libvips-linuxmusl-arm64@1.0.2':
    optional: true

  '@img/sharp-libvips-linuxmusl-x64@1.0.2':
    optional: true

  '@img/sharp-linux-arm64@0.33.3':
    optionalDependencies:
      '@img/sharp-libvips-linux-arm64': 1.0.2
    optional: true

  '@img/sharp-linux-arm@0.33.3':
    optionalDependencies:
      '@img/sharp-libvips-linux-arm': 1.0.2
    optional: true

  '@img/sharp-linux-s390x@0.33.3':
    optionalDependencies:
      '@img/sharp-libvips-linux-s390x': 1.0.2
    optional: true

  '@img/sharp-linux-x64@0.33.3':
    optionalDependencies:
      '@img/sharp-libvips-linux-x64': 1.0.2
    optional: true

  '@img/sharp-linuxmusl-arm64@0.33.3':
    optionalDependencies:
      '@img/sharp-libvips-linuxmusl-arm64': 1.0.2
    optional: true

  '@img/sharp-linuxmusl-x64@0.33.3':
    optionalDependencies:
      '@img/sharp-libvips-linuxmusl-x64': 1.0.2
    optional: true

  '@img/sharp-wasm32@0.33.3':
    dependencies:
      '@emnapi/runtime': 1.1.1
    optional: true

  '@img/sharp-win32-ia32@0.33.3':
    optional: true

  '@img/sharp-win32-x64@0.33.3':
    optional: true

  '@jridgewell/sourcemap-codec@1.4.15': {}

  '@next/env@14.3.0-canary.44': {}

  '@next/swc-darwin-arm64@14.3.0-canary.44':
    optional: true

  '@next/swc-darwin-x64@14.3.0-canary.44':
    optional: true

  '@next/swc-linux-arm64-gnu@14.3.0-canary.44':
    optional: true

  '@next/swc-linux-arm64-musl@14.3.0-canary.44':
    optional: true

  '@next/swc-linux-x64-gnu@14.3.0-canary.44':
    optional: true

  '@next/swc-linux-x64-musl@14.3.0-canary.44':
    optional: true

  '@next/swc-win32-arm64-msvc@14.3.0-canary.44':
    optional: true

  '@next/swc-win32-ia32-msvc@14.3.0-canary.44':
    optional: true

  '@next/swc-win32-x64-msvc@14.3.0-canary.44':
    optional: true

  '@rollup/plugin-commonjs@24.0.0(rollup@2.78.0)':
    dependencies:
      '@rollup/pluginutils': 5.1.0(rollup@2.78.0)
      commondir: 1.0.1
      estree-walker: 2.0.2
      glob: 8.1.0
      is-reference: 1.2.1
      magic-string: 0.27.0
    optionalDependencies:
      rollup: 2.78.0

  '@rollup/pluginutils@5.1.0(rollup@2.78.0)':
    dependencies:
      '@types/estree': 1.0.5
      estree-walker: 2.0.2
      picomatch: 2.3.1
    optionalDependencies:
      rollup: 2.78.0

  '@sentry-internal/feedback@7.114.0':
    dependencies:
      '@sentry/core': 7.114.0
      '@sentry/types': 7.114.0
      '@sentry/utils': 7.114.0

  '@sentry-internal/replay-canvas@7.114.0':
    dependencies:
      '@sentry/core': 7.114.0
      '@sentry/replay': 7.114.0
      '@sentry/types': 7.114.0
      '@sentry/utils': 7.114.0

  '@sentry-internal/tracing@7.114.0':
    dependencies:
      '@sentry/core': 7.114.0
      '@sentry/types': 7.114.0
      '@sentry/utils': 7.114.0

  '@sentry/browser@7.114.0':
    dependencies:
      '@sentry-internal/feedback': 7.114.0
      '@sentry-internal/replay-canvas': 7.114.0
      '@sentry-internal/tracing': 7.114.0
      '@sentry/core': 7.114.0
      '@sentry/integrations': 7.114.0
      '@sentry/replay': 7.114.0
      '@sentry/types': 7.114.0
      '@sentry/utils': 7.114.0

  '@sentry/cli@1.77.3':
    dependencies:
      https-proxy-agent: 5.0.1
      mkdirp: 0.5.6
      node-fetch: 2.7.0
      progress: 2.0.3
      proxy-from-env: 1.1.0
      which: 2.0.2
    transitivePeerDependencies:
      - encoding
      - supports-color

  '@sentry/core@7.114.0':
    dependencies:
      '@sentry/types': 7.114.0
      '@sentry/utils': 7.114.0

  '@sentry/integrations@7.114.0':
    dependencies:
      '@sentry/core': 7.114.0
      '@sentry/types': 7.114.0
      '@sentry/utils': 7.114.0
      localforage: 1.10.0

  '@sentry/nextjs@7.114.0(next@14.3.0-canary.44(react-dom@18.3.1(react@18.3.1))(react@18.3.1))(react@18.3.1)':
    dependencies:
      '@rollup/plugin-commonjs': 24.0.0(rollup@2.78.0)
      '@sentry/core': 7.114.0
      '@sentry/integrations': 7.114.0
      '@sentry/node': 7.114.0
      '@sentry/react': 7.114.0(react@18.3.1)
      '@sentry/types': 7.114.0
      '@sentry/utils': 7.114.0
      '@sentry/vercel-edge': 7.114.0
      '@sentry/webpack-plugin': 1.21.0
      chalk: 3.0.0
      next: 14.3.0-canary.44(react-dom@18.3.1(react@18.3.1))(react@18.3.1)
      react: 18.3.1
      resolve: 1.22.8
      rollup: 2.78.0
      stacktrace-parser: 0.1.10
    transitivePeerDependencies:
      - encoding
      - supports-color

  '@sentry/node@7.114.0':
    dependencies:
      '@sentry-internal/tracing': 7.114.0
      '@sentry/core': 7.114.0
      '@sentry/integrations': 7.114.0
      '@sentry/types': 7.114.0
      '@sentry/utils': 7.114.0

  '@sentry/react@7.114.0(react@18.3.1)':
    dependencies:
      '@sentry/browser': 7.114.0
      '@sentry/core': 7.114.0
      '@sentry/types': 7.114.0
      '@sentry/utils': 7.114.0
      hoist-non-react-statics: 3.3.2
      react: 18.3.1

  '@sentry/replay@7.114.0':
    dependencies:
      '@sentry-internal/tracing': 7.114.0
      '@sentry/core': 7.114.0
      '@sentry/types': 7.114.0
      '@sentry/utils': 7.114.0

  '@sentry/types@7.114.0': {}

  '@sentry/utils@7.114.0':
    dependencies:
      '@sentry/types': 7.114.0

  '@sentry/vercel-edge@7.114.0':
    dependencies:
      '@sentry-internal/tracing': 7.114.0
      '@sentry/core': 7.114.0
      '@sentry/integrations': 7.114.0
      '@sentry/types': 7.114.0
      '@sentry/utils': 7.114.0

  '@sentry/webpack-plugin@1.21.0':
    dependencies:
      '@sentry/cli': 1.77.3
      webpack-sources: 3.2.3
    transitivePeerDependencies:
      - encoding
      - supports-color

  '@swc/helpers@0.5.11':
    dependencies:
      tslib: 2.6.2

  '@types/estree@1.0.5': {}

  '@types/node@20.12.11':
    dependencies:
      undici-types: 5.26.5

  '@types/prop-types@15.7.12': {}

  '@types/react-dom@18.3.0':
    dependencies:
      '@types/react': 18.3.1

  '@types/react@18.3.1':
    dependencies:
      '@types/prop-types': 15.7.12
      csstype: 3.1.3

  agent-base@6.0.2:
    dependencies:
      debug: 4.3.4
    transitivePeerDependencies:
      - supports-color

  ansi-styles@4.3.0:
    dependencies:
      color-convert: 2.0.1

  balanced-match@1.0.2: {}

  brace-expansion@2.0.1:
    dependencies:
      balanced-match: 1.0.2

  busboy@1.6.0:
    dependencies:
      streamsearch: 1.1.0

  caniuse-lite@1.0.30001617: {}

  chalk@3.0.0:
    dependencies:
      ansi-styles: 4.3.0
      supports-color: 7.2.0

  client-only@0.0.1: {}

  color-convert@2.0.1:
    dependencies:
      color-name: 1.1.4

  color-name@1.1.4: {}

  color-string@1.9.1:
    dependencies:
      color-name: 1.1.4
      simple-swizzle: 0.2.2
    optional: true

  color@4.2.3:
    dependencies:
      color-convert: 2.0.1
      color-string: 1.9.1
    optional: true

  commondir@1.0.1: {}

  csstype@3.1.3: {}

  debug@4.3.4:
    dependencies:
      ms: 2.1.2

  detect-libc@2.0.3:
    optional: true

  estree-walker@2.0.2: {}

  fs.realpath@1.0.0: {}

  fsevents@2.3.3:
    optional: true

  function-bind@1.1.2: {}

  glob@8.1.0:
    dependencies:
      fs.realpath: 1.0.0
      inflight: 1.0.6
      inherits: 2.0.4
      minimatch: 5.1.6
      once: 1.4.0

  graceful-fs@4.2.11: {}

  has-flag@4.0.0: {}

  hasown@2.0.2:
    dependencies:
      function-bind: 1.1.2

  hoist-non-react-statics@3.3.2:
    dependencies:
      react-is: 16.13.1

  https-proxy-agent@5.0.1:
    dependencies:
      agent-base: 6.0.2
      debug: 4.3.4
    transitivePeerDependencies:
      - supports-color

  immediate@3.0.6: {}

  inflight@1.0.6:
    dependencies:
      once: 1.4.0
      wrappy: 1.0.2

  inherits@2.0.4: {}

  is-arrayish@0.3.2:
    optional: true

  is-core-module@2.13.1:
    dependencies:
      hasown: 2.0.2

  is-reference@1.2.1:
    dependencies:
      '@types/estree': 1.0.5

  isexe@2.0.0: {}

  js-tokens@4.0.0: {}

  lie@3.1.1:
    dependencies:
      immediate: 3.0.6

  localforage@1.10.0:
    dependencies:
      lie: 3.1.1

  loose-envify@1.4.0:
    dependencies:
      js-tokens: 4.0.0

  magic-string@0.27.0:
    dependencies:
      '@jridgewell/sourcemap-codec': 1.4.15

  minimatch@5.1.6:
    dependencies:
      brace-expansion: 2.0.1

  minimist@1.2.8: {}

  mkdirp@0.5.6:
    dependencies:
      minimist: 1.2.8

  ms@2.1.2: {}

  nanoid@3.3.7: {}

  next@14.3.0-canary.44(react-dom@18.3.1(react@18.3.1))(react@18.3.1):
    dependencies:
      '@next/env': 14.3.0-canary.44
      '@swc/helpers': 0.5.11
      busboy: 1.6.0
      caniuse-lite: 1.0.30001617
      graceful-fs: 4.2.11
      postcss: 8.4.31
      react: 18.3.1
      react-dom: 18.3.1(react@18.3.1)
      styled-jsx: 5.1.1(react@18.3.1)
    optionalDependencies:
      '@next/swc-darwin-arm64': 14.3.0-canary.44
      '@next/swc-darwin-x64': 14.3.0-canary.44
      '@next/swc-linux-arm64-gnu': 14.3.0-canary.44
      '@next/swc-linux-arm64-musl': 14.3.0-canary.44
      '@next/swc-linux-x64-gnu': 14.3.0-canary.44
      '@next/swc-linux-x64-musl': 14.3.0-canary.44
      '@next/swc-win32-arm64-msvc': 14.3.0-canary.44
      '@next/swc-win32-ia32-msvc': 14.3.0-canary.44
      '@next/swc-win32-x64-msvc': 14.3.0-canary.44
      sharp: 0.33.3
    transitivePeerDependencies:
      - '@babel/core'
      - babel-plugin-macros

  node-fetch@2.7.0:
    dependencies:
      whatwg-url: 5.0.0

  once@1.4.0:
    dependencies:
      wrappy: 1.0.2

  path-parse@1.0.7: {}

  picocolors@1.0.0: {}

  picomatch@2.3.1: {}

  postcss@8.4.31:
    dependencies:
      nanoid: 3.3.7
      picocolors: 1.0.0
      source-map-js: 1.2.0

  progress@2.0.3: {}

  proxy-from-env@1.1.0: {}

  react-dom@18.3.1(react@18.3.1):
    dependencies:
      loose-envify: 1.4.0
      react: 18.3.1
      scheduler: 0.23.2

  react-is@16.13.1: {}

  react@18.3.1:
    dependencies:
      loose-envify: 1.4.0

  resolve@1.22.8:
    dependencies:
      is-core-module: 2.13.1
      path-parse: 1.0.7
      supports-preserve-symlinks-flag: 1.0.0

  rollup@2.78.0:
    optionalDependencies:
      fsevents: 2.3.3

  scheduler@0.23.2:
    dependencies:
      loose-envify: 1.4.0

  semver@7.6.2:
    optional: true

  sharp@0.33.3:
    dependencies:
      color: 4.2.3
      detect-libc: 2.0.3
      semver: 7.6.2
    optionalDependencies:
      '@img/sharp-darwin-arm64': 0.33.3
      '@img/sharp-darwin-x64': 0.33.3
      '@img/sharp-libvips-darwin-arm64': 1.0.2
      '@img/sharp-libvips-darwin-x64': 1.0.2
      '@img/sharp-libvips-linux-arm': 1.0.2
      '@img/sharp-libvips-linux-arm64': 1.0.2
      '@img/sharp-libvips-linux-s390x': 1.0.2
      '@img/sharp-libvips-linux-x64': 1.0.2
      '@img/sharp-libvips-linuxmusl-arm64': 1.0.2
      '@img/sharp-libvips-linuxmusl-x64': 1.0.2
      '@img/sharp-linux-arm': 0.33.3
      '@img/sharp-linux-arm64': 0.33.3
      '@img/sharp-linux-s390x': 0.33.3
      '@img/sharp-linux-x64': 0.33.3
      '@img/sharp-linuxmusl-arm64': 0.33.3
      '@img/sharp-linuxmusl-x64': 0.33.3
      '@img/sharp-wasm32': 0.33.3
      '@img/sharp-win32-ia32': 0.33.3
      '@img/sharp-win32-x64': 0.33.3
    optional: true

  simple-swizzle@0.2.2:
    dependencies:
      is-arrayish: 0.3.2
    optional: true

  source-map-js@1.2.0: {}

  stacktrace-parser@0.1.10:
    dependencies:
      type-fest: 0.7.1

  streamsearch@1.1.0: {}

  styled-jsx@5.1.1(react@18.3.1):
    dependencies:
      client-only: 0.0.1
      react: 18.3.1

  supports-color@7.2.0:
    dependencies:
      has-flag: 4.0.0

  supports-preserve-symlinks-flag@1.0.0: {}

  tr46@0.0.3: {}

  tslib@2.6.2: {}

  type-fest@0.7.1: {}

  typescript@5.4.5: {}

  undici-types@5.26.5: {}

  webidl-conversions@3.0.1: {}

  webpack-sources@3.2.3: {}

  whatwg-url@5.0.0:
    dependencies:
      tr46: 0.0.3
      webidl-conversions: 3.0.1

  which@2.0.2:
    dependencies:
      isexe: 2.0.0

  wrappy@1.0.2: {}
